
Microsoft Visual Studio Solution File, Format Version 12.00
# Visual Studio Version 16
VisualStudioVersion = 16.0.29613.14
MinimumVisualStudioVersion = 10.0.40219.1
Project("{FAE04EC0-301F-11D3-BF4B-00C04F79EFBC}") = "TrainingProject", "TrainingProject\TrainingProject.csproj", "{88798E0E-495B-4089-82EE-1A7E87605092}"
EndProject
Project("{FAE04EC0-301F-11D3-BF4B-00C04F79EFBC}") = "SeleniumTraining", "SeleniumTraining\SeleniumTraining.csproj", "{C0D1F7EF-C8F2-483A-BB34-637D355E7646}"
EndProject
Project("{FAE04EC0-301F-11D3-BF4B-00C04F79EFBC}") = "SpecflowTraining", "SpecflowTraining\SpecflowTraining.csproj", "{8EB58E68-47CF-4E7D-B217-068ED0911B55}"
EndProject
Project("{FAE04EC0-301F-11D3-BF4B-00C04F79EFBC}") = "SeleniumSpecFlowFrameWork", "SeleniumSpecFlowFrameWork\SeleniumSpecFlowFrameWork.csproj", "{19672EA8-BC97-462D-9A26-B048E89F742F}"
EndProject
Global
	GlobalSection(SolutionConfigurationPlatforms) = preSolution
		Debug|Any CPU = Debug|Any CPU
		Release|Any CPU = Release|Any CPU
	EndGlobalSection
	GlobalSection(ProjectConfigurationPlatforms) = postSolution
		{88798E0E-495B-4089-82EE-1A7E87605092}.Debug|Any CPU.ActiveCfg = Debug|Any CPU
		{88798E0E-495B-4089-82EE-1A7E87605092}.Debug|Any CPU.Build.0 = Debug|Any CPU
		{88798E0E-495B-4089-82EE-1A7E87605092}.Release|Any CPU.ActiveCfg = Release|Any CPU
		{88798E0E-495B-4089-82EE-1A7E87605092}.Release|Any CPU.Build.0 = Release|Any CPU
		{C0D1F7EF-C8F2-483A-BB34-637D355E7646}.Debug|Any CPU.ActiveCfg = Debug|Any CPU
		{C0D1F7EF-C8F2-483A-BB34-637D355E7646}.Debug|Any CPU.Build.0 = Debug|Any CPU
		{C0D1F7EF-C8F2-483A-BB34-637D355E7646}.Release|Any CPU.ActiveCfg = Release|Any CPU
		{C0D1F7EF-C8F2-483A-BB34-637D355E7646}.Release|Any CPU.Build.0 = Release|Any CPU
		{8EB58E68-47CF-4E7D-B217-068ED0911B55}.Debug|Any CPU.ActiveCfg = Debug|Any CPU
		{8EB58E68-47CF-4E7D-B217-068ED0911B55}.Debug|Any CPU.Build.0 = Debug|Any CPU
		{8EB58E68-47CF-4E7D-B217-068ED0911B55}.Release|Any CPU.ActiveCfg = Release|Any CPU
		{8EB58E68-47CF-4E7D-B217-068ED0911B55}.Release|Any CPU.Build.0 = Release|Any CPU
		{19672EA8-BC97-462D-9A26-B048E89F742F}.Debug|Any CPU.ActiveCfg = Debug|Any CPU
		{19672EA8-BC97-462D-9A26-B048E89F742F}.Debug|Any CPU.Build.0 = Debug|Any CPU
		{19672EA8-BC97-462D-9A26-B048E89F742F}.Release|Any CPU.ActiveCfg = Release|Any CPU
		{19672EA8-BC97-462D-9A26-B048E89F742F}.Release|Any CPU.Build.0 = Release|Any CPU
	EndGlobalSection
	GlobalSection(SolutionProperties) = preSolution
		HideSolutionNode = FALSE
	EndGlobalSection
	GlobalSection(ExtensibilityGlobals) = postSolution
		SolutionGuid = {1EF5D2F6-50FE-4F05-862C-73187F43E6F4}
	EndGlobalSection
EndGlobal
